
Microsoft Visual Studio Solution File, Format Version 12.00
# Visual Studio Version 17
VisualStudioVersion = 17.12.35209.166
MinimumVisualStudioVersion = 10.0.40219.1
Project("{9A19103F-16F7-4668-BE54-9A1E7A4F7556}") = "Consola", "Consola\Consola.csproj", "{6CE875E2-37C6-4D3A-8B53-4EF9E07E7E54}"
EndProject
Project("{9A19103F-16F7-4668-BE54-9A1E7A4F7556}") = "Dominio", "Dominio\Dominio.csproj", "{1471C17D-B07C-4738-B4EA-9EC5F0FF9F71}"
EndProject
Project("{FAE04EC0-301F-11D3-BF4B-00C04F79EFBC}") = "Web", "Web\Web.csproj", "{BE42A078-0F79-4909-9716-9B70FBDF091E}"
EndProject
Global
	GlobalSection(SolutionConfigurationPlatforms) = preSolution
		Debug|Any CPU = Debug|Any CPU
		Release|Any CPU = Release|Any CPU
	EndGlobalSection
	GlobalSection(ProjectConfigurationPlatforms) = postSolution
		{6CE875E2-37C6-4D3A-8B53-4EF9E07E7E54}.Debug|Any CPU.ActiveCfg = Debug|Any CPU
		{6CE875E2-37C6-4D3A-8B53-4EF9E07E7E54}.Debug|Any CPU.Build.0 = Debug|Any CPU
		{6CE875E2-37C6-4D3A-8B53-4EF9E07E7E54}.Release|Any CPU.ActiveCfg = Release|Any CPU
		{6CE875E2-37C6-4D3A-8B53-4EF9E07E7E54}.Release|Any CPU.Build.0 = Release|Any CPU
		{1471C17D-B07C-4738-B4EA-9EC5F0FF9F71}.Debug|Any CPU.ActiveCfg = Debug|Any CPU
		{1471C17D-B07C-4738-B4EA-9EC5F0FF9F71}.Debug|Any CPU.Build.0 = Debug|Any CPU
		{1471C17D-B07C-4738-B4EA-9EC5F0FF9F71}.Release|Any CPU.ActiveCfg = Release|Any CPU
		{1471C17D-B07C-4738-B4EA-9EC5F0FF9F71}.Release|Any CPU.Build.0 = Release|Any CPU
		{BE42A078-0F79-4909-9716-9B70FBDF091E}.Debug|Any CPU.ActiveCfg = Debug|Any CPU
		{BE42A078-0F79-4909-9716-9B70FBDF091E}.Debug|Any CPU.Build.0 = Debug|Any CPU
		{BE42A078-0F79-4909-9716-9B70FBDF091E}.Release|Any CPU.ActiveCfg = Release|Any CPU
		{BE42A078-0F79-4909-9716-9B70FBDF091E}.Release|Any CPU.Build.0 = Release|Any CPU
	EndGlobalSection
	GlobalSection(SolutionProperties) = preSolution
		HideSolutionNode = FALSE
	EndGlobalSection
	GlobalSection(ExtensibilityGlobals) = postSolution
		SolutionGuid = {CB205026-D66B-4A39-8D03-C5A6BFC67AAB}
	EndGlobalSection
EndGlobal
